
Microsoft Visual Studio Solution File, Format Version 12.00
Project("{FAE04EC0-301F-11D3-BF4B-00C04F79EFBC}") = "BusinessLayer", "BusinessLayer\BusinessLayer.csproj", "{5D9ED202-8438-4D09-A812-877DF9C3D0F4}"
EndProject
Project("{FAE04EC0-301F-11D3-BF4B-00C04F79EFBC}") = "OrderSorter.UnitTests", "OrderSorter.UnitTests\OrderSorter.UnitTests.csproj", "{DAE01A13-305B-40C4-93F9-5F197097491B}"
EndProject
Project("{FAE04EC0-301F-11D3-BF4B-00C04F79EFBC}") = "DataLayerr", "DataLayerr\DataLayerr.csproj", "{8A2F758E-9529-4A09-BE8D-D96398E80A8D}"
EndProject
Project("{FAE04EC0-301F-11D3-BF4B-00C04F79EFBC}") = "Frontend", "Frontend\Frontend.csproj", "{CAB70B3C-7F62-421C-9893-24D4C45969D8}"
EndProject
Project("{FAE04EC0-301F-11D3-BF4B-00C04F79EFBC}") = "Facade", "Facade\Facade.csproj", "{B2591252-0A2B-47F4-AD61-073B111ECB4B}"
EndProject
Global
	GlobalSection(SolutionConfigurationPlatforms) = preSolution
		Debug|Any CPU = Debug|Any CPU
		Release|Any CPU = Release|Any CPU
	EndGlobalSection
	GlobalSection(ProjectConfigurationPlatforms) = postSolution
		{5D9ED202-8438-4D09-A812-877DF9C3D0F4}.Debug|Any CPU.ActiveCfg = Debug|Any CPU
		{5D9ED202-8438-4D09-A812-877DF9C3D0F4}.Debug|Any CPU.Build.0 = Debug|Any CPU
		{5D9ED202-8438-4D09-A812-877DF9C3D0F4}.Release|Any CPU.ActiveCfg = Release|Any CPU
		{5D9ED202-8438-4D09-A812-877DF9C3D0F4}.Release|Any CPU.Build.0 = Release|Any CPU
		{DAE01A13-305B-40C4-93F9-5F197097491B}.Debug|Any CPU.ActiveCfg = Debug|Any CPU
		{DAE01A13-305B-40C4-93F9-5F197097491B}.Debug|Any CPU.Build.0 = Debug|Any CPU
		{DAE01A13-305B-40C4-93F9-5F197097491B}.Release|Any CPU.ActiveCfg = Release|Any CPU
		{DAE01A13-305B-40C4-93F9-5F197097491B}.Release|Any CPU.Build.0 = Release|Any CPU
		{8A2F758E-9529-4A09-BE8D-D96398E80A8D}.Debug|Any CPU.ActiveCfg = Debug|Any CPU
		{8A2F758E-9529-4A09-BE8D-D96398E80A8D}.Debug|Any CPU.Build.0 = Debug|Any CPU
		{8A2F758E-9529-4A09-BE8D-D96398E80A8D}.Release|Any CPU.ActiveCfg = Release|Any CPU
		{8A2F758E-9529-4A09-BE8D-D96398E80A8D}.Release|Any CPU.Build.0 = Release|Any CPU
		{CAB70B3C-7F62-421C-9893-24D4C45969D8}.Debug|Any CPU.ActiveCfg = Debug|Any CPU
		{CAB70B3C-7F62-421C-9893-24D4C45969D8}.Debug|Any CPU.Build.0 = Debug|Any CPU
		{CAB70B3C-7F62-421C-9893-24D4C45969D8}.Release|Any CPU.ActiveCfg = Release|Any CPU
		{CAB70B3C-7F62-421C-9893-24D4C45969D8}.Release|Any CPU.Build.0 = Release|Any CPU
		{B2591252-0A2B-47F4-AD61-073B111ECB4B}.Debug|Any CPU.ActiveCfg = Debug|Any CPU
		{B2591252-0A2B-47F4-AD61-073B111ECB4B}.Debug|Any CPU.Build.0 = Debug|Any CPU
		{B2591252-0A2B-47F4-AD61-073B111ECB4B}.Release|Any CPU.ActiveCfg = Release|Any CPU
		{B2591252-0A2B-47F4-AD61-073B111ECB4B}.Release|Any CPU.Build.0 = Release|Any CPU
	EndGlobalSection
EndGlobal
